{
  "name": "RustClaw",
  "lockfileVersion": 3,
  "requires": true,
  "packages": {
    "": {
      "dependencies": {
        "@xdevplatform/xurl": "^1.0.3"
      }
    },
    "node_modules/@xdevplatform/xurl": {
      "version": "1.0.3",
      "resolved": "https://registry.npmjs.org/@xdevplatform/xurl/-/xurl-1.0.3.tgz",
      "integrity": "sha512-kwijAwU7AuVV5DO9GQ0wgJVM3hq3LZmviCP1HZ6KEiXm1Bnjk5YTJ4tbAnoOT25lnIkfukGV7NNXVOGls2sPmg==",
      "hasInstallScript": true,
      "bin": {
        "xurl": "cli.js"
      }
    }
  }
}
