# This file was autogenerated by uv via the following command:
#    uv pip compile optional_skills/media_download/requirements.in --python-version 3.13 --universal --generate-hashes --no-annotate -o optional_skills/media_download/requirements.lock
certifi==2026.7.22 \
    --hash=sha256:62f22742b58a1a33014a2b6b706588a8d7e2a88ae7bd1a6ebe8c992928483775 \
    --hash=sha256:741e2c3b351ddf169a738da9f2c048608ff7f2c5cc02f1ebc6b118bb090d5d55
opencc-python-reimplemented==0.1.7 \
    --hash=sha256:41b3b92943c7bed291f448e9c7fad4b577c8c2eae30fcfe5a74edf8818493aa6 \
    --hash=sha256:4f777ea3461a25257a7b876112cfa90bb6acabc6dfb843bf4d11266e43579dee
yt-dlp==2026.7.4 \
    --hash=sha256:b094813404f87a9dd2186f00815231df32e5fd8a5403be0f807b3bb2d21a4432 \
    --hash=sha256:f11f2b11d5a8ac4059f9bdf29fa4407dc7c6bb00c5097e95ca22a7a9db518266
